
Microsoft Visual Studio Solution File, Format Version 11.00
# Visual Studio 2010
Project("{FAE04EC0-301F-11D3-BF4B-00C04F79EFBC}") = "Avalanche!", "Assembly-CSharp.csproj", "{438908A8-A1A5-CA6F-2E9C-50871784868D}"
EndProject
Global
	GlobalSection(SolutionConfigurationPlatforms) = preSolution
		Debug|Any CPU = Debug|Any CPU
		Release|Any CPU = Release|Any CPU
	EndGlobalSection
	GlobalSection(ProjectConfigurationPlatforms) = postSolution
		{438908A8-A1A5-CA6F-2E9C-50871784868D}.Debug|Any CPU.ActiveCfg = Debug|Any CPU
		{438908A8-A1A5-CA6F-2E9C-50871784868D}.Debug|Any CPU.Build.0 = Debug|Any CPU
		{438908A8-A1A5-CA6F-2E9C-50871784868D}.Release|Any CPU.ActiveCfg = Release|Any CPU
		{438908A8-A1A5-CA6F-2E9C-50871784868D}.Release|Any CPU.Build.0 = Release|Any CPU
	EndGlobalSection
	GlobalSection(SolutionProperties) = preSolution
		HideSolutionNode = FALSE
	EndGlobalSection
	GlobalSection(MonoDevelopProperties) = preSolution
		StartupItem = Assembly-CSharp.csproj
	EndGlobalSection
EndGlobal
